
Microsoft Visual Studio Solution File, Format Version 12.00
# Visual Studio Version 17
VisualStudioVersion = 17.5.002.0
MinimumVisualStudioVersion = 10.0.40219.1
Project("{9A19103F-16F7-4668-BE54-9A1E7A4F7556}") = "albinprogrammering", "albinprogrammering.csproj", "{770CC30C-1D25-4197-A337-732A9DE1A2AC}"
EndProject
Global
	GlobalSection(SolutionConfigurationPlatforms) = preSolution
		Debug|Any CPU = Debug|Any CPU
		Release|Any CPU = Release|Any CPU
	EndGlobalSection
	GlobalSection(ProjectConfigurationPlatforms) = postSolution
		{770CC30C-1D25-4197-A337-732A9DE1A2AC}.Debug|Any CPU.ActiveCfg = Debug|Any CPU
		{770CC30C-1D25-4197-A337-732A9DE1A2AC}.Debug|Any CPU.Build.0 = Debug|Any CPU
		{770CC30C-1D25-4197-A337-732A9DE1A2AC}.Release|Any CPU.ActiveCfg = Release|Any CPU
		{770CC30C-1D25-4197-A337-732A9DE1A2AC}.Release|Any CPU.Build.0 = Release|Any CPU
	EndGlobalSection
	GlobalSection(SolutionProperties) = preSolution
		HideSolutionNode = FALSE
	EndGlobalSection
	GlobalSection(ExtensibilityGlobals) = postSolution
		SolutionGuid = {5BBE0FD9-3E5D-4DC0-B135-AFDB6392689D}
	EndGlobalSection
EndGlobal
